// !$*UTF8*$!
{
	archiveVersion = 1;
	classes = {
	};
	objectVersion = 56;
	objects = {

/* Begin PBXBuildFile section */
		A70990DE2A0B35080053943D /* AppDelegate.swift in Sources */ = {isa = PBXBuildFile; fileRef = A70990DD2A0B35080053943D /* AppDelegate.swift */; };
		A70990E02A0B35080053943D /* SceneDelegate.swift in Sources */ = {isa = PBXBuildFile; fileRef = A70990DF2A0B35080053943D /* SceneDelegate.swift */; };
		A70990E52A0B35080053943D /* Main.storyboard in Resources */ = {isa = PBXBuildFile; fileRef = A70990E32A0B35080053943D /* Main.storyboard */; };
		A70990E82A0B35080053943D /* BarugahDrip2_0.xcdatamodeld in Sources */ = {isa = PBXBuildFile; fileRef = A70990E62A0B35080053943D /* BarugahDrip2_0.xcdatamodeld */; };
		A70990EA2A0B35080053943D /* Assets.xcassets in Resources */ = {isa = PBXBuildFile; fileRef = A70990E92A0B35080053943D /* Assets.xcassets */; };
		A70990ED2A0B35080053943D /* LaunchScreen.storyboard in Resources */ = {isa = PBXBuildFile; fileRef = A70990EB2A0B35080053943D /* LaunchScreen.storyboard */; };
		A709911B2A0B3A910053943D /* MulticastDelegate.swift in Sources */ = {isa = PBXBuildFile; fileRef = A709911A2A0B3A910053943D /* MulticastDelegate.swift */; };
		A709911D2A0B3AC50053943D /* DatabaseProtocol.swift in Sources */ = {isa = PBXBuildFile; fileRef = A709911C2A0B3AC50053943D /* DatabaseProtocol.swift */; };
		A709911F2A0B3AD30053943D /* CoreDataController.swift in Sources */ = {isa = PBXBuildFile; fileRef = A709911E2A0B3AD30053943D /* CoreDataController.swift */; };
		A70991232A0B3B580053943D /* MainMenuViewController.swift in Sources */ = {isa = PBXBuildFile; fileRef = A70991222A0B3B580053943D /* MainMenuViewController.swift */; };
		A70991252A0B3B700053943D /* tabBarViewController.swift in Sources */ = {isa = PBXBuildFile; fileRef = A70991242A0B3B700053943D /* tabBarViewController.swift */; };
		A748D2EA2A321E5F00E188F0 /* GarmentInfoViewController.swift in Sources */ = {isa = PBXBuildFile; fileRef = A748D2E92A321E5F00E188F0 /* GarmentInfoViewController.swift */; };
		A748D2F82A323B0E00E188F0 /* QuickLodgeOutfitCollectionViewController.swift in Sources */ = {isa = PBXBuildFile; fileRef = A748D2F72A323B0E00E188F0 /* QuickLodgeOutfitCollectionViewController.swift */; };
		A748D2FB2A323CAA00E188F0 /* QuickAddOutfitCollectionViewCell.swift in Sources */ = {isa = PBXBuildFile; fileRef = A748D2FA2A323CAA00E188F0 /* QuickAddOutfitCollectionViewCell.swift */; };
		A748D2FD2A32BB7600E188F0 /* AcknowledgementsViewController.swift in Sources */ = {isa = PBXBuildFile; fileRef = A748D2FC2A32BB7600E188F0 /* AcknowledgementsViewController.swift */; };
		A748D2FF2A32C7F400E188F0 /* Extensions.swift in Sources */ = {isa = PBXBuildFile; fileRef = A748D2FE2A32C7F400E188F0 /* Extensions.swift */; };
		A75E27982A2F2D4900B0DAAA /* WeatherAPIData.swift in Sources */ = {isa = PBXBuildFile; fileRef = A75E27972A2F2D4900B0DAAA /* WeatherAPIData.swift */; };
		A76B48BC2A1485B400A213FC /* GarmentsVer2CollectionViewCell.swift in Sources */ = {isa = PBXBuildFile; fileRef = A76B48BB2A1485B400A213FC /* GarmentsVer2CollectionViewCell.swift */; };
		A76B48BE2A1485CD00A213FC /* AddGarmentPhotoVer2ViewController.swift in Sources */ = {isa = PBXBuildFile; fileRef = A76B48BD2A1485CD00A213FC /* AddGarmentPhotoVer2ViewController.swift */; };
		A76B48C02A1485DC00A213FC /* AddGarmentVer2ViewController.swift in Sources */ = {isa = PBXBuildFile; fileRef = A76B48BF2A1485DC00A213FC /* AddGarmentVer2ViewController.swift */; };
		A76B48C42A14862B00A213FC /* GarmentVer2CollectionViewController.swift in Sources */ = {isa = PBXBuildFile; fileRef = A76B48C32A14862B00A213FC /* GarmentVer2CollectionViewController.swift */; };
		A76B48C82A14964900A213FC /* SoloGarmentViewController.swift in Sources */ = {isa = PBXBuildFile; fileRef = A76B48C72A14964900A213FC /* SoloGarmentViewController.swift */; };
		A76B48CA2A15D2CC00A213FC /* OutfitsVer2CollectionViewController.swift in Sources */ = {isa = PBXBuildFile; fileRef = A76B48C92A15D2CC00A213FC /* OutfitsVer2CollectionViewController.swift */; };
		A76B48CC2A15D2FD00A213FC /* OutfitsVer2CollectionViewCell.swift in Sources */ = {isa = PBXBuildFile; fileRef = A76B48CB2A15D2FD00A213FC /* OutfitsVer2CollectionViewCell.swift */; };
		A76B48CF2A17053200A213FC /* AddPhotoOutfitViewController.swift in Sources */ = {isa = PBXBuildFile; fileRef = A76B48CE2A17053200A213FC /* AddPhotoOutfitViewController.swift */; };
		A76B48D12A17054700A213FC /* PickGarmentCollectionViewController.swift in Sources */ = {isa = PBXBuildFile; fileRef = A76B48D02A17054700A213FC /* PickGarmentCollectionViewController.swift */; };
		A76B48D32A17056800A213FC /* AddOutfitViewController.swift in Sources */ = {isa = PBXBuildFile; fileRef = A76B48D22A17056800A213FC /* AddOutfitViewController.swift */; };
		A7A8E5F72A1707EB005F735E /* PickGarmentCollectionViewCell.swift in Sources */ = {isa = PBXBuildFile; fileRef = A7A8E5F62A1707EB005F735E /* PickGarmentCollectionViewCell.swift */; };
		A7A8E5F92A172532005F735E /* SoloOutfitViewController.swift in Sources */ = {isa = PBXBuildFile; fileRef = A7A8E5F82A172532005F735E /* SoloOutfitViewController.swift */; };
		A7BB9FEA2A2063640095502A /* GarmentOutfitTableViewCell.swift in Sources */ = {isa = PBXBuildFile; fileRef = A7BB9FE92A2063640095502A /* GarmentOutfitTableViewCell.swift */; };
		A7E647282A203B8700018D15 /* LodgeOutfitViewController.swift in Sources */ = {isa = PBXBuildFile; fileRef = A7E647272A203B8700018D15 /* LodgeOutfitViewController.swift */; };
		A7E6472E2A20462E00018D15 /* ChartViewController.swift in Sources */ = {isa = PBXBuildFile; fileRef = A7E6472D2A20462E00018D15 /* ChartViewController.swift */; };
		A7E647302A20464200018D15 /* GarmentsTableViewController.swift in Sources */ = {isa = PBXBuildFile; fileRef = A7E6472F2A20464200018D15 /* GarmentsTableViewController.swift */; };
		A7E647362A2046F800018D15 /* ChartSwiftUIView.swift in Sources */ = {isa = PBXBuildFile; fileRef = A7E647352A2046F800018D15 /* ChartSwiftUIView.swift */; };
		A7F9D7E12A60426C0094696F /* Outfit+CoreDataClass.swift in Sources */ = {isa = PBXBuildFile; fileRef = A7F9D7DB2A60426C0094696F /* Outfit+CoreDataClass.swift */; };
		A7F9D7E22A60426C0094696F /* Outfit+CoreDataProperties.swift in Sources */ = {isa = PBXBuildFile; fileRef = A7F9D7DC2A60426C0094696F /* Outfit+CoreDataProperties.swift */; };
		A7F9D7E32A60426C0094696F /* WearInfo+CoreDataClass.swift in Sources */ = {isa = PBXBuildFile; fileRef = A7F9D7DD2A60426C0094696F /* WearInfo+CoreDataClass.swift */; };
		A7F9D7E42A60426C0094696F /* WearInfo+CoreDataProperties.swift in Sources */ = {isa = PBXBuildFile; fileRef = A7F9D7DE2A60426C0094696F /* WearInfo+CoreDataProperties.swift */; };
		A7F9D7E52A60426C0094696F /* Garment+CoreDataClass.swift in Sources */ = {isa = PBXBuildFile; fileRef = A7F9D7DF2A60426C0094696F /* Garment+CoreDataClass.swift */; };
		A7F9D7E62A60426C0094696F /* Garment+CoreDataProperties.swift in Sources */ = {isa = PBXBuildFile; fileRef = A7F9D7E02A60426C0094696F /* Garment+CoreDataProperties.swift */; };
		A7F9D7EB2A6429700094696F /* AddGarmentNameViewController.swift in Sources */ = {isa = PBXBuildFile; fileRef = A7F9D7EA2A6429700094696F /* AddGarmentNameViewController.swift */; };
		A7F9D7ED2A642DC20094696F /* AddGarmentBrandViewController.swift in Sources */ = {isa = PBXBuildFile; fileRef = A7F9D7EC2A642DC20094696F /* AddGarmentBrandViewController.swift */; };
		A7F9D7EF2A642DD00094696F /* AddGarmentPriceViewController.swift in Sources */ = {isa = PBXBuildFile; fileRef = A7F9D7EE2A642DD00094696F /* AddGarmentPriceViewController.swift */; };
		A7F9D7F12A642DE90094696F /* AddGarmentSizeViewController.swift in Sources */ = {isa = PBXBuildFile; fileRef = A7F9D7F02A642DE90094696F /* AddGarmentSizeViewController.swift */; };
/* End PBXBuildFile section */

/* Begin PBXFileReference section */
		A70990DA2A0B35080053943D /* BarugahDrip2.0.app */ = {isa = PBXFileReference; explicitFileType = wrapper.application; includeInIndex = 0; path = BarugahDrip2.0.app; sourceTree = BUILT_PRODUCTS_DIR; };
		A70990DD2A0B35080053943D /* AppDelegate.swift */ = {isa = PBXFileReference; lastKnownFileType = sourcecode.swift; path = AppDelegate.swift; sourceTree = "<group>"; };
		A70990DF2A0B35080053943D /* SceneDelegate.swift */ = {isa = PBXFileReference; lastKnownFileType = sourcecode.swift; path = SceneDelegate.swift; sourceTree = "<group>"; };
		A70990E42A0B35080053943D /* Base */ = {isa = PBXFileReference; lastKnownFileType = file.storyboard; name = Base; path = Base.lproj/Main.storyboard; sourceTree = "<group>"; };
		A70990E72A0B35080053943D /* BarugahDrip2_0.xcdatamodel */ = {isa = PBXFileReference; lastKnownFileType = wrapper.xcdatamodel; path = BarugahDrip2_0.xcdatamodel; sourceTree = "<group>"; };
		A70990E92A0B35080053943D /* Assets.xcassets */ = {isa = PBXFileReference; lastKnownFileType = folder.assetcatalog; path = Assets.xcassets; sourceTree = "<group>"; };
		A70990EC2A0B35080053943D /* Base */ = {isa = PBXFileReference; lastKnownFileType = file.storyboard; name = Base; path = Base.lproj/LaunchScreen.storyboard; sourceTree = "<group>"; };
		A70990EE2A0B35080053943D /* Info.plist */ = {isa = PBXFileReference; lastKnownFileType = text.plist.xml; path = Info.plist; sourceTree = "<group>"; };
		A709911A2A0B3A910053943D /* MulticastDelegate.swift */ = {isa = PBXFileReference; lastKnownFileType = sourcecode.swift; path = MulticastDelegate.swift; sourceTree = "<group>"; };
		A709911C2A0B3AC50053943D /* DatabaseProtocol.swift */ = {isa = PBXFileReference; lastKnownFileType = sourcecode.swift; path = DatabaseProtocol.swift; sourceTree = "<group>"; };
		A709911E2A0B3AD30053943D /* CoreDataController.swift */ = {isa = PBXFileReference; lastKnownFileType = sourcecode.swift; path = CoreDataController.swift; sourceTree = "<group>"; };
		A70991222A0B3B580053943D /* MainMenuViewController.swift */ = {isa = PBXFileReference; lastKnownFileType = sourcecode.swift; path = MainMenuViewController.swift; sourceTree = "<group>"; };
		A70991242A0B3B700053943D /* tabBarViewController.swift */ = {isa = PBXFileReference; lastKnownFileType = sourcecode.swift; path = tabBarViewController.swift; sourceTree = "<group>"; };
		A748D2E92A321E5F00E188F0 /* GarmentInfoViewController.swift */ = {isa = PBXFileReference; lastKnownFileType = sourcecode.swift; path = GarmentInfoViewController.swift; sourceTree = "<group>"; };
		A748D2F72A323B0E00E188F0 /* QuickLodgeOutfitCollectionViewController.swift */ = {isa = PBXFileReference; lastKnownFileType = sourcecode.swift; path = QuickLodgeOutfitCollectionViewController.swift; sourceTree = "<group>"; };
		A748D2FA2A323CAA00E188F0 /* QuickAddOutfitCollectionViewCell.swift */ = {isa = PBXFileReference; lastKnownFileType = sourcecode.swift; path = QuickAddOutfitCollectionViewCell.swift; sourceTree = "<group>"; };
		A748D2FC2A32BB7600E188F0 /* AcknowledgementsViewController.swift */ = {isa = PBXFileReference; lastKnownFileType = sourcecode.swift; path = AcknowledgementsViewController.swift; sourceTree = "<group>"; };
		A748D2FE2A32C7F400E188F0 /* Extensions.swift */ = {isa = PBXFileReference; lastKnownFileType = sourcecode.swift; path = Extensions.swift; sourceTree = "<group>"; };
		A75E27972A2F2D4900B0DAAA /* WeatherAPIData.swift */ = {isa = PBXFileReference; lastKnownFileType = sourcecode.swift; path = WeatherAPIData.swift; sourceTree = "<group>"; };
		A76B48BB2A1485B400A213FC /* GarmentsVer2CollectionViewCell.swift */ = {isa = PBXFileReference; lastKnownFileType = sourcecode.swift; path = GarmentsVer2CollectionViewCell.swift; sourceTree = "<group>"; };
		A76B48BD2A1485CD00A213FC /* AddGarmentPhotoVer2ViewController.swift */ = {isa = PBXFileReference; lastKnownFileType = sourcecode.swift; path = AddGarmentPhotoVer2ViewController.swift; sourceTree = "<group>"; };
		A76B48BF2A1485DC00A213FC /* AddGarmentVer2ViewController.swift */ = {isa = PBXFileReference; lastKnownFileType = sourcecode.swift; path = AddGarmentVer2ViewController.swift; sourceTree = "<group>"; };
		A76B48C32A14862B00A213FC /* GarmentVer2CollectionViewController.swift */ = {isa = PBXFileReference; lastKnownFileType = sourcecode.swift; path = GarmentVer2CollectionViewController.swift; sourceTree = "<group>"; };
		A76B48C72A14964900A213FC /* SoloGarmentViewController.swift */ = {isa = PBXFileReference; lastKnownFileType = sourcecode.swift; path = SoloGarmentViewController.swift; sourceTree = "<group>"; };
		A76B48C92A15D2CC00A213FC /* OutfitsVer2CollectionViewController.swift */ = {isa = PBXFileReference; lastKnownFileType = sourcecode.swift; path = OutfitsVer2CollectionViewController.swift; sourceTree = "<group>"; };
		A76B48CB2A15D2FD00A213FC /* OutfitsVer2CollectionViewCell.swift */ = {isa = PBXFileReference; lastKnownFileType = sourcecode.swift; path = OutfitsVer2CollectionViewCell.swift; sourceTree = "<group>"; };
		A76B48CE2A17053200A213FC /* AddPhotoOutfitViewController.swift */ = {isa = PBXFileReference; lastKnownFileType = sourcecode.swift; path = AddPhotoOutfitViewController.swift; sourceTree = "<group>"; };
		A76B48D02A17054700A213FC /* PickGarmentCollectionViewController.swift */ = {isa = PBXFileReference; lastKnownFileType = sourcecode.swift; path = PickGarmentCollectionViewController.swift; sourceTree = "<group>"; };
		A76B48D22A17056800A213FC /* AddOutfitViewController.swift */ = {isa = PBXFileReference; lastKnownFileType = sourcecode.swift; path = AddOutfitViewController.swift; sourceTree = "<group>"; };
		A7A8E5F62A1707EB005F735E /* PickGarmentCollectionViewCell.swift */ = {isa = PBXFileReference; lastKnownFileType = sourcecode.swift; path = PickGarmentCollectionViewCell.swift; sourceTree = "<group>"; };
		A7A8E5F82A172532005F735E /* SoloOutfitViewController.swift */ = {isa = PBXFileReference; lastKnownFileType = sourcecode.swift; path = SoloOutfitViewController.swift; sourceTree = "<group>"; };
		A7BB9FE92A2063640095502A /* GarmentOutfitTableViewCell.swift */ = {isa = PBXFileReference; lastKnownFileType = sourcecode.swift; path = GarmentOutfitTableViewCell.swift; sourceTree = "<group>"; };
		A7E647272A203B8700018D15 /* LodgeOutfitViewController.swift */ = {isa = PBXFileReference; lastKnownFileType = sourcecode.swift; path = LodgeOutfitViewController.swift; sourceTree = "<group>"; };
		A7E6472D2A20462E00018D15 /* ChartViewController.swift */ = {isa = PBXFileReference; lastKnownFileType = sourcecode.swift; path = ChartViewController.swift; sourceTree = "<group>"; };
		A7E6472F2A20464200018D15 /* GarmentsTableViewController.swift */ = {isa = PBXFileReference; lastKnownFileType = sourcecode.swift; path = GarmentsTableViewController.swift; sourceTree = "<group>"; };
		A7E647352A2046F800018D15 /* ChartSwiftUIView.swift */ = {isa = PBXFileReference; lastKnownFileType = sourcecode.swift; path = ChartSwiftUIView.swift; sourceTree = "<group>"; };
		A7F9D7DB2A60426C0094696F /* Outfit+CoreDataClass.swift */ = {isa = PBXFileReference; lastKnownFileType = sourcecode.swift; path = "Outfit+CoreDataClass.swift"; sourceTree = "<group>"; };
		A7F9D7DC2A60426C0094696F /* Outfit+CoreDataProperties.swift */ = {isa = PBXFileReference; lastKnownFileType = sourcecode.swift; path = "Outfit+CoreDataProperties.swift"; sourceTree = "<group>"; };
		A7F9D7DD2A60426C0094696F /* WearInfo+CoreDataClass.swift */ = {isa = PBXFileReference; lastKnownFileType = sourcecode.swift; path = "WearInfo+CoreDataClass.swift"; sourceTree = "<group>"; };
		A7F9D7DE2A60426C0094696F /* WearInfo+CoreDataProperties.swift */ = {isa = PBXFileReference; lastKnownFileType = sourcecode.swift; path = "WearInfo+CoreDataProperties.swift"; sourceTree = "<group>"; };
		A7F9D7DF2A60426C0094696F /* Garment+CoreDataClass.swift */ = {isa = PBXFileReference; lastKnownFileType = sourcecode.swift; path = "Garment+CoreDataClass.swift"; sourceTree = "<group>"; };
		A7F9D7E02A60426C0094696F /* Garment+CoreDataProperties.swift */ = {isa = PBXFileReference; lastKnownFileType = sourcecode.swift; path = "Garment+CoreDataProperties.swift"; sourceTree = "<group>"; };
		A7F9D7EA2A6429700094696F /* AddGarmentNameViewController.swift */ = {isa = PBXFileReference; lastKnownFileType = sourcecode.swift; path = AddGarmentNameViewController.swift; sourceTree = "<group>"; };
		A7F9D7EC2A642DC20094696F /* AddGarmentBrandViewController.swift */ = {isa = PBXFileReference; lastKnownFileType = sourcecode.swift; path = AddGarmentBrandViewController.swift; sourceTree = "<group>"; };
		A7F9D7EE2A642DD00094696F /* AddGarmentPriceViewController.swift */ = {isa = PBXFileReference; lastKnownFileType = sourcecode.swift; path = AddGarmentPriceViewController.swift; sourceTree = "<group>"; };
		A7F9D7F02A642DE90094696F /* AddGarmentSizeViewController.swift */ = {isa = PBXFileReference; lastKnownFileType = sourcecode.swift; path = AddGarmentSizeViewController.swift; sourceTree = "<group>"; };
/* End PBXFileReference section */

/* Begin PBXFrameworksBuildPhase section */
		A70990D72A0B35080053943D /* Frameworks */ = {
			isa = PBXFrameworksBuildPhase;
			buildActionMask = 2147483647;
			files = (
			);
			runOnlyForDeploymentPostprocessing = 0;
		};
/* End PBXFrameworksBuildPhase section */

/* Begin PBXGroup section */
		A707FD922A0E0C5700942499 /* Outfits */ = {
			isa = PBXGroup;
			children = (
				A748D2F92A323C8C00E188F0 /* QuickAdd */,
				A76B48CD2A17050900A213FC /* AddOutfits */,
				A76B48C92A15D2CC00A213FC /* OutfitsVer2CollectionViewController.swift */,
				A76B48CB2A15D2FD00A213FC /* OutfitsVer2CollectionViewCell.swift */,
			);
			path = Outfits;
			sourceTree = "<group>";
		};
		A70990D12A0B35080053943D = {
			isa = PBXGroup;
			children = (
				A70990DC2A0B35080053943D /* BarugahDrip2.0 */,
				A70990DB2A0B35080053943D /* Products */,
			);
			sourceTree = "<group>";
		};
		A70990DB2A0B35080053943D /* Products */ = {
			isa = PBXGroup;
			children = (
				A70990DA2A0B35080053943D /* BarugahDrip2.0.app */,
			);
			name = Products;
			sourceTree = "<group>";
		};
		A70990DC2A0B35080053943D /* BarugahDrip2.0 */ = {
			isa = PBXGroup;
			children = (
				A75E27992A2F2D6800B0DAAA /* API */,
				A709912B2A0B3BB70053943D /* ViewControllers */,
				A70990F52A0B37510053943D /* Database */,
				A70990F42A0B37480053943D /* Classes */,
				A70990DD2A0B35080053943D /* AppDelegate.swift */,
				A70990DF2A0B35080053943D /* SceneDelegate.swift */,
				A70990E32A0B35080053943D /* Main.storyboard */,
				A70990E92A0B35080053943D /* Assets.xcassets */,
				A70990EB2A0B35080053943D /* LaunchScreen.storyboard */,
				A70990EE2A0B35080053943D /* Info.plist */,
			);
			path = BarugahDrip2.0;
			sourceTree = "<group>";
		};
		A70990F42A0B37480053943D /* Classes */ = {
			isa = PBXGroup;
			children = (
				A7F9D7DB2A60426C0094696F /* Outfit+CoreDataClass.swift */,
				A7F9D7DC2A60426C0094696F /* Outfit+CoreDataProperties.swift */,
				A7F9D7DD2A60426C0094696F /* WearInfo+CoreDataClass.swift */,
				A7F9D7DE2A60426C0094696F /* WearInfo+CoreDataProperties.swift */,
				A7F9D7DF2A60426C0094696F /* Garment+CoreDataClass.swift */,
				A7F9D7E02A60426C0094696F /* Garment+CoreDataProperties.swift */,
			);
			path = Classes;
			sourceTree = "<group>";
		};
		A70990F52A0B37510053943D /* Database */ = {
			isa = PBXGroup;
			children = (
				A70990E62A0B35080053943D /* BarugahDrip2_0.xcdatamodeld */,
				A709911A2A0B3A910053943D /* MulticastDelegate.swift */,
				A709911C2A0B3AC50053943D /* DatabaseProtocol.swift */,
				A709911E2A0B3AD30053943D /* CoreDataController.swift */,
			);
			path = Database;
			sourceTree = "<group>";
		};
		A709912B2A0B3BB70053943D /* ViewControllers */ = {
			isa = PBXGroup;
			children = (
				A707FD922A0E0C5700942499 /* Outfits */,
				A77FD9622A0DD9570013E2F5 /* Garment */,
				A70991222A0B3B580053943D /* MainMenuViewController.swift */,
				A70991242A0B3B700053943D /* tabBarViewController.swift */,
				A748D2FC2A32BB7600E188F0 /* AcknowledgementsViewController.swift */,
				A748D2FE2A32C7F400E188F0 /* Extensions.swift */,
			);
			path = ViewControllers;
			sourceTree = "<group>";
		};
		A748D2F92A323C8C00E188F0 /* QuickAdd */ = {
			isa = PBXGroup;
			children = (
				A748D2F72A323B0E00E188F0 /* QuickLodgeOutfitCollectionViewController.swift */,
				A748D2FA2A323CAA00E188F0 /* QuickAddOutfitCollectionViewCell.swift */,
			);
			path = QuickAdd;
			sourceTree = "<group>";
		};
		A75E27992A2F2D6800B0DAAA /* API */ = {
			isa = PBXGroup;
			children = (
				A75E27972A2F2D4900B0DAAA /* WeatherAPIData.swift */,
			);
			path = API;
			sourceTree = "<group>";
		};
		A76B48CD2A17050900A213FC /* AddOutfits */ = {
			isa = PBXGroup;
			children = (
				A7A8E5FA2A172794005F735E /* ViewOutfit */,
				A76B48CE2A17053200A213FC /* AddPhotoOutfitViewController.swift */,
				A7E647272A203B8700018D15 /* LodgeOutfitViewController.swift */,
				A76B48D02A17054700A213FC /* PickGarmentCollectionViewController.swift */,
				A76B48D22A17056800A213FC /* AddOutfitViewController.swift */,
				A7A8E5F62A1707EB005F735E /* PickGarmentCollectionViewCell.swift */,
			);
			path = AddOutfits;
			sourceTree = "<group>";
		};
		A77FD9622A0DD9570013E2F5 /* Garment */ = {
			isa = PBXGroup;
			children = (
				A7F9D7E72A6428C40094696F /* AddGarment */,
				A76B48BB2A1485B400A213FC /* GarmentsVer2CollectionViewCell.swift */,
				A76B48BD2A1485CD00A213FC /* AddGarmentPhotoVer2ViewController.swift */,
				A76B48BF2A1485DC00A213FC /* AddGarmentVer2ViewController.swift */,
				A76B48C32A14862B00A213FC /* GarmentVer2CollectionViewController.swift */,
				A76B48C72A14964900A213FC /* SoloGarmentViewController.swift */,
				A748D2E92A321E5F00E188F0 /* GarmentInfoViewController.swift */,
			);
			path = Garment;
			sourceTree = "<group>";
		};
		A7A8E5FA2A172794005F735E /* ViewOutfit */ = {
			isa = PBXGroup;
			children = (
				A7A8E5F82A172532005F735E /* SoloOutfitViewController.swift */,
				A7E6472F2A20464200018D15 /* GarmentsTableViewController.swift */,
				A7E6472D2A20462E00018D15 /* ChartViewController.swift */,
				A7E647352A2046F800018D15 /* ChartSwiftUIView.swift */,
				A7BB9FE92A2063640095502A /* GarmentOutfitTableViewCell.swift */,
			);
			path = ViewOutfit;
			sourceTree = "<group>";
		};
		A7F9D7E72A6428C40094696F /* AddGarment */ = {
			isa = PBXGroup;
			children = (
				A7F9D7EA2A6429700094696F /* AddGarmentNameViewController.swift */,
				A7F9D7EC2A642DC20094696F /* AddGarmentBrandViewController.swift */,
				A7F9D7EE2A642DD00094696F /* AddGarmentPriceViewController.swift */,
				A7F9D7F02A642DE90094696F /* AddGarmentSizeViewController.swift */,
			);
			path = AddGarment;
			sourceTree = "<group>";
		};
/* End PBXGroup section */

/* Begin PBXNativeTarget section */
		A70990D92A0B35080053943D /* BarugahDrip2.0 */ = {
			isa = PBXNativeTarget;
			buildConfigurationList = A70990F12A0B35080053943D /* Build configuration list for PBXNativeTarget "BarugahDrip2.0" */;
			buildPhases = (
				A70990D62A0B35080053943D /* Sources */,
				A70990D72A0B35080053943D /* Frameworks */,
				A70990D82A0B35080053943D /* Resources */,
			);
			buildRules = (
			);
			dependencies = (
			);
			name = BarugahDrip2.0;
			productName = BarugahDrip2.0;
			productReference = A70990DA2A0B35080053943D /* BarugahDrip2.0.app */;
			productType = "com.apple.product-type.application";
		};
/* End PBXNativeTarget section */

/* Begin PBXProject section */
		A70990D22A0B35080053943D /* Project object */ = {
			isa = PBXProject;
			attributes = {
				BuildIndependentTargetsInParallel = 1;
				LastSwiftUpdateCheck = 1430;
				LastUpgradeCheck = 1430;
				TargetAttributes = {
					A70990D92A0B35080053943D = {
						CreatedOnToolsVersion = 14.3;
					};
				};
			};
			buildConfigurationList = A70990D52A0B35080053943D /* Build configuration list for PBXProject "BarugahDrip2.0" */;
			compatibilityVersion = "Xcode 14.0";
			developmentRegion = en;
			hasScannedForEncodings = 0;
			knownRegions = (
				en,
				Base,
			);
			mainGroup = A70990D12A0B35080053943D;
			productRefGroup = A70990DB2A0B35080053943D /* Products */;
			projectDirPath = "";
			projectRoot = "";
			targets = (
				A70990D92A0B35080053943D /* BarugahDrip2.0 */,
			);
		};
/* End PBXProject section */

/* Begin PBXResourcesBuildPhase section */
		A70990D82A0B35080053943D /* Resources */ = {
			isa = PBXResourcesBuildPhase;
			buildActionMask = 2147483647;
			files = (
				A70990ED2A0B35080053943D /* LaunchScreen.storyboard in Resources */,
				A70990EA2A0B35080053943D /* Assets.xcassets in Resources */,
				A70990E52A0B35080053943D /* Main.storyboard in Resources */,
			);
			runOnlyForDeploymentPostprocessing = 0;
		};
/* End PBXResourcesBuildPhase section */

/* Begin PBXSourcesBuildPhase section */
		A70990D62A0B35080053943D /* Sources */ = {
			isa = PBXSourcesBuildPhase;
			buildActionMask = 2147483647;
			files = (
				A76B48BE2A1485CD00A213FC /* AddGarmentPhotoVer2ViewController.swift in Sources */,
				A7BB9FEA2A2063640095502A /* GarmentOutfitTableViewCell.swift in Sources */,
				A76B48CC2A15D2FD00A213FC /* OutfitsVer2CollectionViewCell.swift in Sources */,
				A76B48CF2A17053200A213FC /* AddPhotoOutfitViewController.swift in Sources */,
				A7F9D7EB2A6429700094696F /* AddGarmentNameViewController.swift in Sources */,
				A748D2F82A323B0E00E188F0 /* QuickLodgeOutfitCollectionViewController.swift in Sources */,
				A7F9D7E62A60426C0094696F /* Garment+CoreDataProperties.swift in Sources */,
				A70991252A0B3B700053943D /* tabBarViewController.swift in Sources */,
				A748D2FF2A32C7F400E188F0 /* Extensions.swift in Sources */,
				A75E27982A2F2D4900B0DAAA /* WeatherAPIData.swift in Sources */,
				A7F9D7E32A60426C0094696F /* WearInfo+CoreDataClass.swift in Sources */,
				A76B48C02A1485DC00A213FC /* AddGarmentVer2ViewController.swift in Sources */,
				A70991232A0B3B580053943D /* MainMenuViewController.swift in Sources */,
				A76B48C82A14964900A213FC /* SoloGarmentViewController.swift in Sources */,
				A748D2FB2A323CAA00E188F0 /* QuickAddOutfitCollectionViewCell.swift in Sources */,
				A7F9D7EF2A642DD00094696F /* AddGarmentPriceViewController.swift in Sources */,
				A70990E82A0B35080053943D /* BarugahDrip2_0.xcdatamodeld in Sources */,
				A748D2EA2A321E5F00E188F0 /* GarmentInfoViewController.swift in Sources */,
				A7F9D7F12A642DE90094696F /* AddGarmentSizeViewController.swift in Sources */,
				A7A8E5F92A172532005F735E /* SoloOutfitViewController.swift in Sources */,
				A76B48CA2A15D2CC00A213FC /* OutfitsVer2CollectionViewController.swift in Sources */,
				A7F9D7ED2A642DC20094696F /* AddGarmentBrandViewController.swift in Sources */,
				A76B48D32A17056800A213FC /* AddOutfitViewController.swift in Sources */,
				A76B48D12A17054700A213FC /* PickGarmentCollectionViewController.swift in Sources */,
				A76B48C42A14862B00A213FC /* GarmentVer2CollectionViewController.swift in Sources */,
				A7F9D7E52A60426C0094696F /* Garment+CoreDataClass.swift in Sources */,
				A70990DE2A0B35080053943D /* AppDelegate.swift in Sources */,
				A7F9D7E12A60426C0094696F /* Outfit+CoreDataClass.swift in Sources */,
				A748D2FD2A32BB7600E188F0 /* AcknowledgementsViewController.swift in Sources */,
				A7E647362A2046F800018D15 /* ChartSwiftUIView.swift in Sources */,
				A709911F2A0B3AD30053943D /* CoreDataController.swift in Sources */,
				A709911D2A0B3AC50053943D /* DatabaseProtocol.swift in Sources */,
				A7F9D7E22A60426C0094696F /* Outfit+CoreDataProperties.swift in Sources */,
				A7F9D7E42A60426C0094696F /* WearInfo+CoreDataProperties.swift in Sources */,
				A7A8E5F72A1707EB005F735E /* PickGarmentCollectionViewCell.swift in Sources */,
				A709911B2A0B3A910053943D /* MulticastDelegate.swift in Sources */,
				A7E647302A20464200018D15 /* GarmentsTableViewController.swift in Sources */,
				A70990E02A0B35080053943D /* SceneDelegate.swift in Sources */,
				A76B48BC2A1485B400A213FC /* GarmentsVer2CollectionViewCell.swift in Sources */,
				A7E647282A203B8700018D15 /* LodgeOutfitViewController.swift in Sources */,
				A7E6472E2A20462E00018D15 /* ChartViewController.swift in Sources */,
			);
			runOnlyForDeploymentPostprocessing = 0;
		};
/* End PBXSourcesBuildPhase section */

/* Begin PBXVariantGroup section */
		A70990E32A0B35080053943D /* Main.storyboard */ = {
			isa = PBXVariantGroup;
			children = (
				A70990E42A0B35080053943D /* Base */,
			);
			name = Main.storyboard;
			sourceTree = "<group>";
		};
		A70990EB2A0B35080053943D /* LaunchScreen.storyboard */ = {
			isa = PBXVariantGroup;
			children = (
				A70990EC2A0B35080053943D /* Base */,
			);
			name = LaunchScreen.storyboard;
			sourceTree = "<group>";
		};
/* End PBXVariantGroup section */

/* Begin XCBuildConfiguration section */
		A70990EF2A0B35080053943D /* Debug */ = {
			isa = XCBuildConfiguration;
			buildSettings = {
				ALWAYS_SEARCH_USER_PATHS = NO;
				CLANG_ANALYZER_NONNULL = YES;
				CLANG_ANALYZER_NUMBER_OBJECT_CONVERSION = YES_AGGRESSIVE;
				CLANG_CXX_LANGUAGE_STANDARD = "gnu++20";
				CLANG_ENABLE_MODULES = YES;
				CLANG_ENABLE_OBJC_ARC = YES;
				CLANG_ENABLE_OBJC_WEAK = YES;
				CLANG_WARN_BLOCK_CAPTURE_AUTORELEASING = YES;
				CLANG_WARN_BOOL_CONVERSION = YES;
				CLANG_WARN_COMMA = YES;
				CLANG_WARN_CONSTANT_CONVERSION = YES;
				CLANG_WARN_DEPRECATED_OBJC_IMPLEMENTATIONS = YES;
				CLANG_WARN_DIRECT_OBJC_ISA_USAGE = YES_ERROR;
				CLANG_WARN_DOCUMENTATION_COMMENTS = YES;
				CLANG_WARN_EMPTY_BODY = YES;
				CLANG_WARN_ENUM_CONVERSION = YES;
				CLANG_WARN_INFINITE_RECURSION = YES;
				CLANG_WARN_INT_CONVERSION = YES;
				CLANG_WARN_NON_LITERAL_NULL_CONVERSION = YES;
				CLANG_WARN_OBJC_IMPLICIT_RETAIN_SELF = YES;
				CLANG_WARN_OBJC_LITERAL_CONVERSION = YES;
				CLANG_WARN_OBJC_ROOT_CLASS = YES_ERROR;
				CLANG_WARN_QUOTED_INCLUDE_IN_FRAMEWORK_HEADER = YES;
				CLANG_WARN_RANGE_LOOP_ANALYSIS = YES;
				CLANG_WARN_STRICT_PROTOTYPES = YES;
				CLANG_WARN_SUSPICIOUS_MOVE = YES;
				CLANG_WARN_UNGUARDED_AVAILABILITY = YES_AGGRESSIVE;
				CLANG_WARN_UNREACHABLE_CODE = YES;
				CLANG_WARN__DUPLICATE_METHOD_MATCH = YES;
				COPY_PHASE_STRIP = NO;
				DEBUG_INFORMATION_FORMAT = dwarf;
				ENABLE_STRICT_OBJC_MSGSEND = YES;
				ENABLE_TESTABILITY = YES;
				GCC_C_LANGUAGE_STANDARD = gnu11;
				GCC_DYNAMIC_NO_PIC = NO;
				GCC_NO_COMMON_BLOCKS = YES;
				GCC_OPTIMIZATION_LEVEL = 0;
				GCC_PREPROCESSOR_DEFINITIONS = (
					"DEBUG=1",
					"$(inherited)",
				);
				GCC_WARN_64_TO_32_BIT_CONVERSION = YES;
				GCC_WARN_ABOUT_RETURN_TYPE = YES_ERROR;
				GCC_WARN_UNDECLARED_SELECTOR = YES;
				GCC_WARN_UNINITIALIZED_AUTOS = YES_AGGRESSIVE;
				GCC_WARN_UNUSED_FUNCTION = YES;
				GCC_WARN_UNUSED_VARIABLE = YES;
				IPHONEOS_DEPLOYMENT_TARGET = 16.4;
				MTL_ENABLE_DEBUG_INFO = INCLUDE_SOURCE;
				MTL_FAST_MATH = YES;
				ONLY_ACTIVE_ARCH = YES;
				SDKROOT = iphoneos;
				SWIFT_ACTIVE_COMPILATION_CONDITIONS = DEBUG;
				SWIFT_OPTIMIZATION_LEVEL = "-Onone";
			};
			name = Debug;
		};
		A70990F02A0B35080053943D /* Release */ = {
			isa = XCBuildConfiguration;
			buildSettings = {
				ALWAYS_SEARCH_USER_PATHS = NO;
				CLANG_ANALYZER_NONNULL = YES;
				CLANG_ANALYZER_NUMBER_OBJECT_CONVERSION = YES_AGGRESSIVE;
				CLANG_CXX_LANGUAGE_STANDARD = "gnu++20";
				CLANG_ENABLE_MODULES = YES;
				CLANG_ENABLE_OBJC_ARC = YES;
				CLANG_ENABLE_OBJC_WEAK = YES;
				CLANG_WARN_BLOCK_CAPTURE_AUTORELEASING = YES;
				CLANG_WARN_BOOL_CONVERSION = YES;
				CLANG_WARN_COMMA = YES;
				CLANG_WARN_CONSTANT_CONVERSION = YES;
				CLANG_WARN_DEPRECATED_OBJC_IMPLEMENTATIONS = YES;
				CLANG_WARN_DIRECT_OBJC_ISA_USAGE = YES_ERROR;
				CLANG_WARN_DOCUMENTATION_COMMENTS = YES;
				CLANG_WARN_EMPTY_BODY = YES;
				CLANG_WARN_ENUM_CONVERSION = YES;
				CLANG_WARN_INFINITE_RECURSION = YES;
				CLANG_WARN_INT_CONVERSION = YES;
				CLANG_WARN_NON_LITERAL_NULL_CONVERSION = YES;
				CLANG_WARN_OBJC_IMPLICIT_RETAIN_SELF = YES;
				CLANG_WARN_OBJC_LITERAL_CONVERSION = YES;
				CLANG_WARN_OBJC_ROOT_CLASS = YES_ERROR;
				CLANG_WARN_QUOTED_INCLUDE_IN_FRAMEWORK_HEADER = YES;
				CLANG_WARN_RANGE_LOOP_ANALYSIS = YES;
				CLANG_WARN_STRICT_PROTOTYPES = YES;
				CLANG_WARN_SUSPICIOUS_MOVE = YES;
				CLANG_WARN_UNGUARDED_AVAILABILITY = YES_AGGRESSIVE;
				CLANG_WARN_UNREACHABLE_CODE = YES;
				CLANG_WARN__DUPLICATE_METHOD_MATCH = YES;
				COPY_PHASE_STRIP = NO;
				DEBUG_INFORMATION_FORMAT = "dwarf-with-dsym";
				ENABLE_NS_ASSERTIONS = NO;
				ENABLE_STRICT_OBJC_MSGSEND = YES;
				GCC_C_LANGUAGE_STANDARD = gnu11;
				GCC_NO_COMMON_BLOCKS = YES;
				GCC_WARN_64_TO_32_BIT_CONVERSION = YES;
				GCC_WARN_ABOUT_RETURN_TYPE = YES_ERROR;
				GCC_WARN_UNDECLARED_SELECTOR = YES;
				GCC_WARN_UNINITIALIZED_AUTOS = YES_AGGRESSIVE;
				GCC_WARN_UNUSED_FUNCTION = YES;
				GCC_WARN_UNUSED_VARIABLE = YES;
				IPHONEOS_DEPLOYMENT_TARGET = 16.4;
				MTL_ENABLE_DEBUG_INFO = NO;
				MTL_FAST_MATH = YES;
				SDKROOT = iphoneos;
				SWIFT_COMPILATION_MODE = wholemodule;
				SWIFT_OPTIMIZATION_LEVEL = "-O";
				VALIDATE_PRODUCT = YES;
			};
			name = Release;
		};
		A70990F22A0B35080053943D /* Debug */ = {
			isa = XCBuildConfiguration;
			buildSettings = {
				ASSETCATALOG_COMPILER_APPICON_NAME = AppIcon;
				ASSETCATALOG_COMPILER_GLOBAL_ACCENT_COLOR_NAME = AccentColour2;
				CODE_SIGN_STYLE = Automatic;
				CURRENT_PROJECT_VERSION = 1;
				DEVELOPMENT_TEAM = MP779939K2;
				GENERATE_INFOPLIST_FILE = YES;
				INFOPLIST_FILE = BarugahDrip2.0/Info.plist;
				INFOPLIST_KEY_CFBundleDisplayName = BarugahDrip;
				INFOPLIST_KEY_NSCameraUsageDescription = "This application requires the camera to take photos for storage in the application\n";
				INFOPLIST_KEY_NSLocationWhenInUseUsageDescription = "This application requires the use of the location to access local weather";
				INFOPLIST_KEY_NSPhotoLibraryUsageDescription = "This application requires the use of the photo library to get photos on the simulator";
				INFOPLIST_KEY_UIApplicationSupportsIndirectInputEvents = YES;
				INFOPLIST_KEY_UILaunchStoryboardName = LaunchScreen;
				INFOPLIST_KEY_UIMainStoryboardFile = Main;
				INFOPLIST_KEY_UISupportedInterfaceOrientations = UIInterfaceOrientationPortrait;
				LD_RUNPATH_SEARCH_PATHS = (
					"$(inherited)",
					"@executable_path/Frameworks",
				);
				MARKETING_VERSION = 1.0;
				PRODUCT_BUNDLE_IDENTIFIER = "edu.monash.BarugahDrip2-0";
				PRODUCT_NAME = "$(TARGET_NAME)";
				SWIFT_EMIT_LOC_STRINGS = YES;
				SWIFT_VERSION = 5.0;
				TARGETED_DEVICE_FAMILY = "1,2";
			};
			name = Debug;
		};
		A70990F32A0B35080053943D /* Release */ = {
			isa = XCBuildConfiguration;
			buildSettings = {
				ASSETCATALOG_COMPILER_APPICON_NAME = AppIcon;
				ASSETCATALOG_COMPILER_GLOBAL_ACCENT_COLOR_NAME = AccentColour2;
				CODE_SIGN_STYLE = Automatic;
				CURRENT_PROJECT_VERSION = 1;
				DEVELOPMENT_TEAM = MP779939K2;
				GENERATE_INFOPLIST_FILE = YES;
				INFOPLIST_FILE = BarugahDrip2.0/Info.plist;
				INFOPLIST_KEY_CFBundleDisplayName = BarugahDrip;
				INFOPLIST_KEY_NSCameraUsageDescription = "This application requires the camera to take photos for storage in the application\n";
				INFOPLIST_KEY_NSLocationWhenInUseUsageDescription = "This application requires the use of the location to access local weather";
				INFOPLIST_KEY_NSPhotoLibraryUsageDescription = "This application requires the use of the photo library to get photos on the simulator";
				INFOPLIST_KEY_UIApplicationSupportsIndirectInputEvents = YES;
				INFOPLIST_KEY_UILaunchStoryboardName = LaunchScreen;
				INFOPLIST_KEY_UIMainStoryboardFile = Main;
				INFOPLIST_KEY_UISupportedInterfaceOrientations = UIInterfaceOrientationPortrait;
				LD_RUNPATH_SEARCH_PATHS = (
					"$(inherited)",
					"@executable_path/Frameworks",
				);
				MARKETING_VERSION = 1.0;
				PRODUCT_BUNDLE_IDENTIFIER = "edu.monash.BarugahDrip2-0";
				PRODUCT_NAME = "$(TARGET_NAME)";
				SWIFT_EMIT_LOC_STRINGS = YES;
				SWIFT_VERSION = 5.0;
				TARGETED_DEVICE_FAMILY = "1,2";
			};
			name = Release;
		};
/* End XCBuildConfiguration section */

/* Begin XCConfigurationList section */
		A70990D52A0B35080053943D /* Build configuration list for PBXProject "BarugahDrip2.0" */ = {
			isa = XCConfigurationList;
			buildConfigurations = (
				A70990EF2A0B35080053943D /* Debug */,
				A70990F02A0B35080053943D /* Release */,
			);
			defaultConfigurationIsVisible = 0;
			defaultConfigurationName = Release;
		};
		A70990F12A0B35080053943D /* Build configuration list for PBXNativeTarget "BarugahDrip2.0" */ = {
			isa = XCConfigurationList;
			buildConfigurations = (
				A70990F22A0B35080053943D /* Debug */,
				A70990F32A0B35080053943D /* Release */,
			);
			defaultConfigurationIsVisible = 0;
			defaultConfigurationName = Release;
		};
/* End XCConfigurationList section */

/* Begin XCVersionGroup section */
		A70990E62A0B35080053943D /* BarugahDrip2_0.xcdatamodeld */ = {
			isa = XCVersionGroup;
			children = (
				A70990E72A0B35080053943D /* BarugahDrip2_0.xcdatamodel */,
			);
			currentVersion = A70990E72A0B35080053943D /* BarugahDrip2_0.xcdatamodel */;
			path = BarugahDrip2_0.xcdatamodeld;
			sourceTree = "<group>";
			versionGroupType = wrapper.xcdatamodel;
		};
/* End XCVersionGroup section */
	};
	rootObject = A70990D22A0B35080053943D /* Project object */;
}
