// !$*UTF8*$!
{
	archiveVersion = 1;
	classes = {
	};
	objectVersion = 56;
	objects = {

/* Begin PBXBuildFile section */
		A707FD942A0E0C7F00942499 /* outfitsViewController.swift in Sources */ = {isa = PBXBuildFile; fileRef = A707FD932A0E0C7F00942499 /* outfitsViewController.swift */; };
		A707FD972A0E0F3700942499 /* outfitsCollectionViewCell.swift in Sources */ = {isa = PBXBuildFile; fileRef = A707FD952A0E0F3700942499 /* outfitsCollectionViewCell.swift */; };
		A707FD982A0E0F3700942499 /* outfitsCollectionViewCell.xib in Resources */ = {isa = PBXBuildFile; fileRef = A707FD962A0E0F3700942499 /* outfitsCollectionViewCell.xib */; };
		A70990DE2A0B35080053943D /* AppDelegate.swift in Sources */ = {isa = PBXBuildFile; fileRef = A70990DD2A0B35080053943D /* AppDelegate.swift */; };
		A70990E02A0B35080053943D /* SceneDelegate.swift in Sources */ = {isa = PBXBuildFile; fileRef = A70990DF2A0B35080053943D /* SceneDelegate.swift */; };
		A70990E52A0B35080053943D /* Main.storyboard in Resources */ = {isa = PBXBuildFile; fileRef = A70990E32A0B35080053943D /* Main.storyboard */; };
		A70990E82A0B35080053943D /* BarugahDrip2_0.xcdatamodeld in Sources */ = {isa = PBXBuildFile; fileRef = A70990E62A0B35080053943D /* BarugahDrip2_0.xcdatamodeld */; };
		A70990EA2A0B35080053943D /* Assets.xcassets in Resources */ = {isa = PBXBuildFile; fileRef = A70990E92A0B35080053943D /* Assets.xcassets */; };
		A70990ED2A0B35080053943D /* LaunchScreen.storyboard in Resources */ = {isa = PBXBuildFile; fileRef = A70990EB2A0B35080053943D /* LaunchScreen.storyboard */; };
		A709911B2A0B3A910053943D /* MulticastDelegate.swift in Sources */ = {isa = PBXBuildFile; fileRef = A709911A2A0B3A910053943D /* MulticastDelegate.swift */; };
		A709911D2A0B3AC50053943D /* DatabaseProtocol.swift in Sources */ = {isa = PBXBuildFile; fileRef = A709911C2A0B3AC50053943D /* DatabaseProtocol.swift */; };
		A709911F2A0B3AD30053943D /* CoreDataController.swift in Sources */ = {isa = PBXBuildFile; fileRef = A709911E2A0B3AD30053943D /* CoreDataController.swift */; };
		A70991212A0B3B400053943D /* signUpPageViewController.swift in Sources */ = {isa = PBXBuildFile; fileRef = A70991202A0B3B400053943D /* signUpPageViewController.swift */; };
		A70991232A0B3B580053943D /* MainMenuViewController.swift in Sources */ = {isa = PBXBuildFile; fileRef = A70991222A0B3B580053943D /* MainMenuViewController.swift */; };
		A70991252A0B3B700053943D /* tabBarViewController.swift in Sources */ = {isa = PBXBuildFile; fileRef = A70991242A0B3B700053943D /* tabBarViewController.swift */; };
		A70991272A0B3B910053943D /* garmentCollectionViewController.swift in Sources */ = {isa = PBXBuildFile; fileRef = A70991262A0B3B910053943D /* garmentCollectionViewController.swift */; };
		A77FD9602A0DD7750013E2F5 /* garmentCollectionViewCell.swift in Sources */ = {isa = PBXBuildFile; fileRef = A77FD95E2A0DD7750013E2F5 /* garmentCollectionViewCell.swift */; };
		A77FD9612A0DD7750013E2F5 /* garmentCollectionViewCell.xib in Resources */ = {isa = PBXBuildFile; fileRef = A77FD95F2A0DD7750013E2F5 /* garmentCollectionViewCell.xib */; };
		A77FD9692A0DE4170013E2F5 /* Garment+CoreDataClass.swift in Sources */ = {isa = PBXBuildFile; fileRef = A77FD9632A0DE4170013E2F5 /* Garment+CoreDataClass.swift */; };
		A77FD96A2A0DE4170013E2F5 /* Garment+CoreDataProperties.swift in Sources */ = {isa = PBXBuildFile; fileRef = A77FD9642A0DE4170013E2F5 /* Garment+CoreDataProperties.swift */; };
		A77FD96B2A0DE4170013E2F5 /* User+CoreDataClass.swift in Sources */ = {isa = PBXBuildFile; fileRef = A77FD9652A0DE4170013E2F5 /* User+CoreDataClass.swift */; };
		A77FD96C2A0DE4170013E2F5 /* User+CoreDataProperties.swift in Sources */ = {isa = PBXBuildFile; fileRef = A77FD9662A0DE4170013E2F5 /* User+CoreDataProperties.swift */; };
		A77FD96D2A0DE4170013E2F5 /* Outfit+CoreDataClass.swift in Sources */ = {isa = PBXBuildFile; fileRef = A77FD9672A0DE4170013E2F5 /* Outfit+CoreDataClass.swift */; };
		A77FD96E2A0DE4170013E2F5 /* Outfit+CoreDataProperties.swift in Sources */ = {isa = PBXBuildFile; fileRef = A77FD9682A0DE4170013E2F5 /* Outfit+CoreDataProperties.swift */; };
/* End PBXBuildFile section */

/* Begin PBXFileReference section */
		A707FD932A0E0C7F00942499 /* outfitsViewController.swift */ = {isa = PBXFileReference; lastKnownFileType = sourcecode.swift; path = outfitsViewController.swift; sourceTree = "<group>"; };
		A707FD952A0E0F3700942499 /* outfitsCollectionViewCell.swift */ = {isa = PBXFileReference; lastKnownFileType = sourcecode.swift; path = outfitsCollectionViewCell.swift; sourceTree = "<group>"; };
		A707FD962A0E0F3700942499 /* outfitsCollectionViewCell.xib */ = {isa = PBXFileReference; lastKnownFileType = file.xib; path = outfitsCollectionViewCell.xib; sourceTree = "<group>"; };
		A70990DA2A0B35080053943D /* BarugahDrip2.0.app */ = {isa = PBXFileReference; explicitFileType = wrapper.application; includeInIndex = 0; path = BarugahDrip2.0.app; sourceTree = BUILT_PRODUCTS_DIR; };
		A70990DD2A0B35080053943D /* AppDelegate.swift */ = {isa = PBXFileReference; lastKnownFileType = sourcecode.swift; path = AppDelegate.swift; sourceTree = "<group>"; };
		A70990DF2A0B35080053943D /* SceneDelegate.swift */ = {isa = PBXFileReference; lastKnownFileType = sourcecode.swift; path = SceneDelegate.swift; sourceTree = "<group>"; };
		A70990E42A0B35080053943D /* Base */ = {isa = PBXFileReference; lastKnownFileType = file.storyboard; name = Base; path = Base.lproj/Main.storyboard; sourceTree = "<group>"; };
		A70990E72A0B35080053943D /* BarugahDrip2_0.xcdatamodel */ = {isa = PBXFileReference; lastKnownFileType = wrapper.xcdatamodel; path = BarugahDrip2_0.xcdatamodel; sourceTree = "<group>"; };
		A70990E92A0B35080053943D /* Assets.xcassets */ = {isa = PBXFileReference; lastKnownFileType = folder.assetcatalog; path = Assets.xcassets; sourceTree = "<group>"; };
		A70990EC2A0B35080053943D /* Base */ = {isa = PBXFileReference; lastKnownFileType = file.storyboard; name = Base; path = Base.lproj/LaunchScreen.storyboard; sourceTree = "<group>"; };
		A70990EE2A0B35080053943D /* Info.plist */ = {isa = PBXFileReference; lastKnownFileType = text.plist.xml; path = Info.plist; sourceTree = "<group>"; };
		A709911A2A0B3A910053943D /* MulticastDelegate.swift */ = {isa = PBXFileReference; lastKnownFileType = sourcecode.swift; path = MulticastDelegate.swift; sourceTree = "<group>"; };
		A709911C2A0B3AC50053943D /* DatabaseProtocol.swift */ = {isa = PBXFileReference; lastKnownFileType = sourcecode.swift; path = DatabaseProtocol.swift; sourceTree = "<group>"; };
		A709911E2A0B3AD30053943D /* CoreDataController.swift */ = {isa = PBXFileReference; lastKnownFileType = sourcecode.swift; path = CoreDataController.swift; sourceTree = "<group>"; };
		A70991202A0B3B400053943D /* signUpPageViewController.swift */ = {isa = PBXFileReference; lastKnownFileType = sourcecode.swift; path = signUpPageViewController.swift; sourceTree = "<group>"; };
		A70991222A0B3B580053943D /* MainMenuViewController.swift */ = {isa = PBXFileReference; lastKnownFileType = sourcecode.swift; path = MainMenuViewController.swift; sourceTree = "<group>"; };
		A70991242A0B3B700053943D /* tabBarViewController.swift */ = {isa = PBXFileReference; lastKnownFileType = sourcecode.swift; path = tabBarViewController.swift; sourceTree = "<group>"; };
		A70991262A0B3B910053943D /* garmentCollectionViewController.swift */ = {isa = PBXFileReference; lastKnownFileType = sourcecode.swift; path = garmentCollectionViewController.swift; sourceTree = "<group>"; };
		A77FD95E2A0DD7750013E2F5 /* garmentCollectionViewCell.swift */ = {isa = PBXFileReference; lastKnownFileType = sourcecode.swift; path = garmentCollectionViewCell.swift; sourceTree = "<group>"; };
		A77FD95F2A0DD7750013E2F5 /* garmentCollectionViewCell.xib */ = {isa = PBXFileReference; lastKnownFileType = file.xib; path = garmentCollectionViewCell.xib; sourceTree = "<group>"; };
		A77FD9632A0DE4170013E2F5 /* Garment+CoreDataClass.swift */ = {isa = PBXFileReference; lastKnownFileType = sourcecode.swift; path = "Garment+CoreDataClass.swift"; sourceTree = "<group>"; };
		A77FD9642A0DE4170013E2F5 /* Garment+CoreDataProperties.swift */ = {isa = PBXFileReference; lastKnownFileType = sourcecode.swift; path = "Garment+CoreDataProperties.swift"; sourceTree = "<group>"; };
		A77FD9652A0DE4170013E2F5 /* User+CoreDataClass.swift */ = {isa = PBXFileReference; lastKnownFileType = sourcecode.swift; path = "User+CoreDataClass.swift"; sourceTree = "<group>"; };
		A77FD9662A0DE4170013E2F5 /* User+CoreDataProperties.swift */ = {isa = PBXFileReference; lastKnownFileType = sourcecode.swift; path = "User+CoreDataProperties.swift"; sourceTree = "<group>"; };
		A77FD9672A0DE4170013E2F5 /* Outfit+CoreDataClass.swift */ = {isa = PBXFileReference; lastKnownFileType = sourcecode.swift; path = "Outfit+CoreDataClass.swift"; sourceTree = "<group>"; };
		A77FD9682A0DE4170013E2F5 /* Outfit+CoreDataProperties.swift */ = {isa = PBXFileReference; lastKnownFileType = sourcecode.swift; path = "Outfit+CoreDataProperties.swift"; sourceTree = "<group>"; };
/* End PBXFileReference section */

/* Begin PBXFrameworksBuildPhase section */
		A70990D72A0B35080053943D /* Frameworks */ = {
			isa = PBXFrameworksBuildPhase;
			buildActionMask = 2147483647;
			files = (
			);
			runOnlyForDeploymentPostprocessing = 0;
		};
/* End PBXFrameworksBuildPhase section */

/* Begin PBXGroup section */
		A707FD922A0E0C5700942499 /* Outfits */ = {
			isa = PBXGroup;
			children = (
				A707FD932A0E0C7F00942499 /* outfitsViewController.swift */,
				A707FD952A0E0F3700942499 /* outfitsCollectionViewCell.swift */,
				A707FD962A0E0F3700942499 /* outfitsCollectionViewCell.xib */,
			);
			path = Outfits;
			sourceTree = "<group>";
		};
		A70990D12A0B35080053943D = {
			isa = PBXGroup;
			children = (
				A70990DC2A0B35080053943D /* BarugahDrip2.0 */,
				A70990DB2A0B35080053943D /* Products */,
			);
			sourceTree = "<group>";
		};
		A70990DB2A0B35080053943D /* Products */ = {
			isa = PBXGroup;
			children = (
				A70990DA2A0B35080053943D /* BarugahDrip2.0.app */,
			);
			name = Products;
			sourceTree = "<group>";
		};
		A70990DC2A0B35080053943D /* BarugahDrip2.0 */ = {
			isa = PBXGroup;
			children = (
				A709912B2A0B3BB70053943D /* ViewControllers */,
				A70990F52A0B37510053943D /* Database */,
				A70990F42A0B37480053943D /* Classes */,
				A70990DD2A0B35080053943D /* AppDelegate.swift */,
				A70990DF2A0B35080053943D /* SceneDelegate.swift */,
				A70990E32A0B35080053943D /* Main.storyboard */,
				A70990E92A0B35080053943D /* Assets.xcassets */,
				A70990EB2A0B35080053943D /* LaunchScreen.storyboard */,
				A70990EE2A0B35080053943D /* Info.plist */,
			);
			path = BarugahDrip2.0;
			sourceTree = "<group>";
		};
		A70990F42A0B37480053943D /* Classes */ = {
			isa = PBXGroup;
			children = (
				A77FD9632A0DE4170013E2F5 /* Garment+CoreDataClass.swift */,
				A77FD9642A0DE4170013E2F5 /* Garment+CoreDataProperties.swift */,
				A77FD9652A0DE4170013E2F5 /* User+CoreDataClass.swift */,
				A77FD9662A0DE4170013E2F5 /* User+CoreDataProperties.swift */,
				A77FD9672A0DE4170013E2F5 /* Outfit+CoreDataClass.swift */,
				A77FD9682A0DE4170013E2F5 /* Outfit+CoreDataProperties.swift */,
			);
			path = Classes;
			sourceTree = "<group>";
		};
		A70990F52A0B37510053943D /* Database */ = {
			isa = PBXGroup;
			children = (
				A70990E62A0B35080053943D /* BarugahDrip2_0.xcdatamodeld */,
				A709911A2A0B3A910053943D /* MulticastDelegate.swift */,
				A709911C2A0B3AC50053943D /* DatabaseProtocol.swift */,
				A709911E2A0B3AD30053943D /* CoreDataController.swift */,
			);
			path = Database;
			sourceTree = "<group>";
		};
		A709912B2A0B3BB70053943D /* ViewControllers */ = {
			isa = PBXGroup;
			children = (
				A707FD922A0E0C5700942499 /* Outfits */,
				A77FD9622A0DD9570013E2F5 /* Garment */,
				A70991202A0B3B400053943D /* signUpPageViewController.swift */,
				A70991222A0B3B580053943D /* MainMenuViewController.swift */,
				A70991242A0B3B700053943D /* tabBarViewController.swift */,
			);
			path = ViewControllers;
			sourceTree = "<group>";
		};
		A77FD9622A0DD9570013E2F5 /* Garment */ = {
			isa = PBXGroup;
			children = (
				A77FD95E2A0DD7750013E2F5 /* garmentCollectionViewCell.swift */,
				A77FD95F2A0DD7750013E2F5 /* garmentCollectionViewCell.xib */,
				A70991262A0B3B910053943D /* garmentCollectionViewController.swift */,
			);
			path = Garment;
			sourceTree = "<group>";
		};
/* End PBXGroup section */

/* Begin PBXNativeTarget section */
		A70990D92A0B35080053943D /* BarugahDrip2.0 */ = {
			isa = PBXNativeTarget;
			buildConfigurationList = A70990F12A0B35080053943D /* Build configuration list for PBXNativeTarget "BarugahDrip2.0" */;
			buildPhases = (
				A70990D62A0B35080053943D /* Sources */,
				A70990D72A0B35080053943D /* Frameworks */,
				A70990D82A0B35080053943D /* Resources */,
			);
			buildRules = (
			);
			dependencies = (
			);
			name = BarugahDrip2.0;
			productName = BarugahDrip2.0;
			productReference = A70990DA2A0B35080053943D /* BarugahDrip2.0.app */;
			productType = "com.apple.product-type.application";
		};
/* End PBXNativeTarget section */

/* Begin PBXProject section */
		A70990D22A0B35080053943D /* Project object */ = {
			isa = PBXProject;
			attributes = {
				BuildIndependentTargetsInParallel = 1;
				LastSwiftUpdateCheck = 1430;
				LastUpgradeCheck = 1430;
				TargetAttributes = {
					A70990D92A0B35080053943D = {
						CreatedOnToolsVersion = 14.3;
					};
				};
			};
			buildConfigurationList = A70990D52A0B35080053943D /* Build configuration list for PBXProject "BarugahDrip2.0" */;
			compatibilityVersion = "Xcode 14.0";
			developmentRegion = en;
			hasScannedForEncodings = 0;
			knownRegions = (
				en,
				Base,
			);
			mainGroup = A70990D12A0B35080053943D;
			productRefGroup = A70990DB2A0B35080053943D /* Products */;
			projectDirPath = "";
			projectRoot = "";
			targets = (
				A70990D92A0B35080053943D /* BarugahDrip2.0 */,
			);
		};
/* End PBXProject section */

/* Begin PBXResourcesBuildPhase section */
		A70990D82A0B35080053943D /* Resources */ = {
			isa = PBXResourcesBuildPhase;
			buildActionMask = 2147483647;
			files = (
				A707FD982A0E0F3700942499 /* outfitsCollectionViewCell.xib in Resources */,
				A70990ED2A0B35080053943D /* LaunchScreen.storyboard in Resources */,
				A70990EA2A0B35080053943D /* Assets.xcassets in Resources */,
				A70990E52A0B35080053943D /* Main.storyboard in Resources */,
				A77FD9612A0DD7750013E2F5 /* garmentCollectionViewCell.xib in Resources */,
			);
			runOnlyForDeploymentPostprocessing = 0;
		};
/* End PBXResourcesBuildPhase section */

/* Begin PBXSourcesBuildPhase section */
		A70990D62A0B35080053943D /* Sources */ = {
			isa = PBXSourcesBuildPhase;
			buildActionMask = 2147483647;
			files = (
				A70991252A0B3B700053943D /* tabBarViewController.swift in Sources */,
				A70991212A0B3B400053943D /* signUpPageViewController.swift in Sources */,
				A77FD96D2A0DE4170013E2F5 /* Outfit+CoreDataClass.swift in Sources */,
				A77FD96C2A0DE4170013E2F5 /* User+CoreDataProperties.swift in Sources */,
				A77FD96E2A0DE4170013E2F5 /* Outfit+CoreDataProperties.swift in Sources */,
				A70991232A0B3B580053943D /* MainMenuViewController.swift in Sources */,
				A70990E82A0B35080053943D /* BarugahDrip2_0.xcdatamodeld in Sources */,
				A70990DE2A0B35080053943D /* AppDelegate.swift in Sources */,
				A77FD96A2A0DE4170013E2F5 /* Garment+CoreDataProperties.swift in Sources */,
				A709911F2A0B3AD30053943D /* CoreDataController.swift in Sources */,
				A77FD9692A0DE4170013E2F5 /* Garment+CoreDataClass.swift in Sources */,
				A709911D2A0B3AC50053943D /* DatabaseProtocol.swift in Sources */,
				A709911B2A0B3A910053943D /* MulticastDelegate.swift in Sources */,
				A70990E02A0B35080053943D /* SceneDelegate.swift in Sources */,
				A70991272A0B3B910053943D /* garmentCollectionViewController.swift in Sources */,
				A77FD9602A0DD7750013E2F5 /* garmentCollectionViewCell.swift in Sources */,
				A77FD96B2A0DE4170013E2F5 /* User+CoreDataClass.swift in Sources */,
				A707FD942A0E0C7F00942499 /* outfitsViewController.swift in Sources */,
				A707FD972A0E0F3700942499 /* outfitsCollectionViewCell.swift in Sources */,
			);
			runOnlyForDeploymentPostprocessing = 0;
		};
/* End PBXSourcesBuildPhase section */

/* Begin PBXVariantGroup section */
		A70990E32A0B35080053943D /* Main.storyboard */ = {
			isa = PBXVariantGroup;
			children = (
				A70990E42A0B35080053943D /* Base */,
			);
			name = Main.storyboard;
			sourceTree = "<group>";
		};
		A70990EB2A0B35080053943D /* LaunchScreen.storyboard */ = {
			isa = PBXVariantGroup;
			children = (
				A70990EC2A0B35080053943D /* Base */,
			);
			name = LaunchScreen.storyboard;
			sourceTree = "<group>";
		};
/* End PBXVariantGroup section */

/* Begin XCBuildConfiguration section */
		A70990EF2A0B35080053943D /* Debug */ = {
			isa = XCBuildConfiguration;
			buildSettings = {
				ALWAYS_SEARCH_USER_PATHS = NO;
				CLANG_ANALYZER_NONNULL = YES;
				CLANG_ANALYZER_NUMBER_OBJECT_CONVERSION = YES_AGGRESSIVE;
				CLANG_CXX_LANGUAGE_STANDARD = "gnu++20";
				CLANG_ENABLE_MODULES = YES;
				CLANG_ENABLE_OBJC_ARC = YES;
				CLANG_ENABLE_OBJC_WEAK = YES;
				CLANG_WARN_BLOCK_CAPTURE_AUTORELEASING = YES;
				CLANG_WARN_BOOL_CONVERSION = YES;
				CLANG_WARN_COMMA = YES;
				CLANG_WARN_CONSTANT_CONVERSION = YES;
				CLANG_WARN_DEPRECATED_OBJC_IMPLEMENTATIONS = YES;
				CLANG_WARN_DIRECT_OBJC_ISA_USAGE = YES_ERROR;
				CLANG_WARN_DOCUMENTATION_COMMENTS = YES;
				CLANG_WARN_EMPTY_BODY = YES;
				CLANG_WARN_ENUM_CONVERSION = YES;
				CLANG_WARN_INFINITE_RECURSION = YES;
				CLANG_WARN_INT_CONVERSION = YES;
				CLANG_WARN_NON_LITERAL_NULL_CONVERSION = YES;
				CLANG_WARN_OBJC_IMPLICIT_RETAIN_SELF = YES;
				CLANG_WARN_OBJC_LITERAL_CONVERSION = YES;
				CLANG_WARN_OBJC_ROOT_CLASS = YES_ERROR;
				CLANG_WARN_QUOTED_INCLUDE_IN_FRAMEWORK_HEADER = YES;
				CLANG_WARN_RANGE_LOOP_ANALYSIS = YES;
				CLANG_WARN_STRICT_PROTOTYPES = YES;
				CLANG_WARN_SUSPICIOUS_MOVE = YES;
				CLANG_WARN_UNGUARDED_AVAILABILITY = YES_AGGRESSIVE;
				CLANG_WARN_UNREACHABLE_CODE = YES;
				CLANG_WARN__DUPLICATE_METHOD_MATCH = YES;
				COPY_PHASE_STRIP = NO;
				DEBUG_INFORMATION_FORMAT = dwarf;
				ENABLE_STRICT_OBJC_MSGSEND = YES;
				ENABLE_TESTABILITY = YES;
				GCC_C_LANGUAGE_STANDARD = gnu11;
				GCC_DYNAMIC_NO_PIC = NO;
				GCC_NO_COMMON_BLOCKS = YES;
				GCC_OPTIMIZATION_LEVEL = 0;
				GCC_PREPROCESSOR_DEFINITIONS = (
					"DEBUG=1",
					"$(inherited)",
				);
				GCC_WARN_64_TO_32_BIT_CONVERSION = YES;
				GCC_WARN_ABOUT_RETURN_TYPE = YES_ERROR;
				GCC_WARN_UNDECLARED_SELECTOR = YES;
				GCC_WARN_UNINITIALIZED_AUTOS = YES_AGGRESSIVE;
				GCC_WARN_UNUSED_FUNCTION = YES;
				GCC_WARN_UNUSED_VARIABLE = YES;
				IPHONEOS_DEPLOYMENT_TARGET = 16.4;
				MTL_ENABLE_DEBUG_INFO = INCLUDE_SOURCE;
				MTL_FAST_MATH = YES;
				ONLY_ACTIVE_ARCH = YES;
				SDKROOT = iphoneos;
				SWIFT_ACTIVE_COMPILATION_CONDITIONS = DEBUG;
				SWIFT_OPTIMIZATION_LEVEL = "-Onone";
			};
			name = Debug;
		};
		A70990F02A0B35080053943D /* Release */ = {
			isa = XCBuildConfiguration;
			buildSettings = {
				ALWAYS_SEARCH_USER_PATHS = NO;
				CLANG_ANALYZER_NONNULL = YES;
				CLANG_ANALYZER_NUMBER_OBJECT_CONVERSION = YES_AGGRESSIVE;
				CLANG_CXX_LANGUAGE_STANDARD = "gnu++20";
				CLANG_ENABLE_MODULES = YES;
				CLANG_ENABLE_OBJC_ARC = YES;
				CLANG_ENABLE_OBJC_WEAK = YES;
				CLANG_WARN_BLOCK_CAPTURE_AUTORELEASING = YES;
				CLANG_WARN_BOOL_CONVERSION = YES;
				CLANG_WARN_COMMA = YES;
				CLANG_WARN_CONSTANT_CONVERSION = YES;
				CLANG_WARN_DEPRECATED_OBJC_IMPLEMENTATIONS = YES;
				CLANG_WARN_DIRECT_OBJC_ISA_USAGE = YES_ERROR;
				CLANG_WARN_DOCUMENTATION_COMMENTS = YES;
				CLANG_WARN_EMPTY_BODY = YES;
				CLANG_WARN_ENUM_CONVERSION = YES;
				CLANG_WARN_INFINITE_RECURSION = YES;
				CLANG_WARN_INT_CONVERSION = YES;
				CLANG_WARN_NON_LITERAL_NULL_CONVERSION = YES;
				CLANG_WARN_OBJC_IMPLICIT_RETAIN_SELF = YES;
				CLANG_WARN_OBJC_LITERAL_CONVERSION = YES;
				CLANG_WARN_OBJC_ROOT_CLASS = YES_ERROR;
				CLANG_WARN_QUOTED_INCLUDE_IN_FRAMEWORK_HEADER = YES;
				CLANG_WARN_RANGE_LOOP_ANALYSIS = YES;
				CLANG_WARN_STRICT_PROTOTYPES = YES;
				CLANG_WARN_SUSPICIOUS_MOVE = YES;
				CLANG_WARN_UNGUARDED_AVAILABILITY = YES_AGGRESSIVE;
				CLANG_WARN_UNREACHABLE_CODE = YES;
				CLANG_WARN__DUPLICATE_METHOD_MATCH = YES;
				COPY_PHASE_STRIP = NO;
				DEBUG_INFORMATION_FORMAT = "dwarf-with-dsym";
				ENABLE_NS_ASSERTIONS = NO;
				ENABLE_STRICT_OBJC_MSGSEND = YES;
				GCC_C_LANGUAGE_STANDARD = gnu11;
				GCC_NO_COMMON_BLOCKS = YES;
				GCC_WARN_64_TO_32_BIT_CONVERSION = YES;
				GCC_WARN_ABOUT_RETURN_TYPE = YES_ERROR;
				GCC_WARN_UNDECLARED_SELECTOR = YES;
				GCC_WARN_UNINITIALIZED_AUTOS = YES_AGGRESSIVE;
				GCC_WARN_UNUSED_FUNCTION = YES;
				GCC_WARN_UNUSED_VARIABLE = YES;
				IPHONEOS_DEPLOYMENT_TARGET = 16.4;
				MTL_ENABLE_DEBUG_INFO = NO;
				MTL_FAST_MATH = YES;
				SDKROOT = iphoneos;
				SWIFT_COMPILATION_MODE = wholemodule;
				SWIFT_OPTIMIZATION_LEVEL = "-O";
				VALIDATE_PRODUCT = YES;
			};
			name = Release;
		};
		A70990F22A0B35080053943D /* Debug */ = {
			isa = XCBuildConfiguration;
			buildSettings = {
				ASSETCATALOG_COMPILER_APPICON_NAME = AppIcon;
				ASSETCATALOG_COMPILER_GLOBAL_ACCENT_COLOR_NAME = AccentColor;
				CODE_SIGN_STYLE = Automatic;
				CURRENT_PROJECT_VERSION = 1;
				GENERATE_INFOPLIST_FILE = YES;
				INFOPLIST_FILE = BarugahDrip2.0/Info.plist;
				INFOPLIST_KEY_UIApplicationSupportsIndirectInputEvents = YES;
				INFOPLIST_KEY_UILaunchStoryboardName = LaunchScreen;
				INFOPLIST_KEY_UIMainStoryboardFile = Main;
				INFOPLIST_KEY_UISupportedInterfaceOrientations_iPad = "UIInterfaceOrientationPortrait UIInterfaceOrientationPortraitUpsideDown UIInterfaceOrientationLandscapeLeft UIInterfaceOrientationLandscapeRight";
				INFOPLIST_KEY_UISupportedInterfaceOrientations_iPhone = "UIInterfaceOrientationPortrait UIInterfaceOrientationLandscapeLeft UIInterfaceOrientationLandscapeRight";
				LD_RUNPATH_SEARCH_PATHS = (
					"$(inherited)",
					"@executable_path/Frameworks",
				);
				MARKETING_VERSION = 1.0;
				PRODUCT_BUNDLE_IDENTIFIER = "edu.monash.BarugahDrip2-0";
				PRODUCT_NAME = "$(TARGET_NAME)";
				SWIFT_EMIT_LOC_STRINGS = YES;
				SWIFT_VERSION = 5.0;
				TARGETED_DEVICE_FAMILY = "1,2";
			};
			name = Debug;
		};
		A70990F32A0B35080053943D /* Release */ = {
			isa = XCBuildConfiguration;
			buildSettings = {
				ASSETCATALOG_COMPILER_APPICON_NAME = AppIcon;
				ASSETCATALOG_COMPILER_GLOBAL_ACCENT_COLOR_NAME = AccentColor;
				CODE_SIGN_STYLE = Automatic;
				CURRENT_PROJECT_VERSION = 1;
				GENERATE_INFOPLIST_FILE = YES;
				INFOPLIST_FILE = BarugahDrip2.0/Info.plist;
				INFOPLIST_KEY_UIApplicationSupportsIndirectInputEvents = YES;
				INFOPLIST_KEY_UILaunchStoryboardName = LaunchScreen;
				INFOPLIST_KEY_UIMainStoryboardFile = Main;
				INFOPLIST_KEY_UISupportedInterfaceOrientations_iPad = "UIInterfaceOrientationPortrait UIInterfaceOrientationPortraitUpsideDown UIInterfaceOrientationLandscapeLeft UIInterfaceOrientationLandscapeRight";
				INFOPLIST_KEY_UISupportedInterfaceOrientations_iPhone = "UIInterfaceOrientationPortrait UIInterfaceOrientationLandscapeLeft UIInterfaceOrientationLandscapeRight";
				LD_RUNPATH_SEARCH_PATHS = (
					"$(inherited)",
					"@executable_path/Frameworks",
				);
				MARKETING_VERSION = 1.0;
				PRODUCT_BUNDLE_IDENTIFIER = "edu.monash.BarugahDrip2-0";
				PRODUCT_NAME = "$(TARGET_NAME)";
				SWIFT_EMIT_LOC_STRINGS = YES;
				SWIFT_VERSION = 5.0;
				TARGETED_DEVICE_FAMILY = "1,2";
			};
			name = Release;
		};
/* End XCBuildConfiguration section */

/* Begin XCConfigurationList section */
		A70990D52A0B35080053943D /* Build configuration list for PBXProject "BarugahDrip2.0" */ = {
			isa = XCConfigurationList;
			buildConfigurations = (
				A70990EF2A0B35080053943D /* Debug */,
				A70990F02A0B35080053943D /* Release */,
			);
			defaultConfigurationIsVisible = 0;
			defaultConfigurationName = Release;
		};
		A70990F12A0B35080053943D /* Build configuration list for PBXNativeTarget "BarugahDrip2.0" */ = {
			isa = XCConfigurationList;
			buildConfigurations = (
				A70990F22A0B35080053943D /* Debug */,
				A70990F32A0B35080053943D /* Release */,
			);
			defaultConfigurationIsVisible = 0;
			defaultConfigurationName = Release;
		};
/* End XCConfigurationList section */

/* Begin XCVersionGroup section */
		A70990E62A0B35080053943D /* BarugahDrip2_0.xcdatamodeld */ = {
			isa = XCVersionGroup;
			children = (
				A70990E72A0B35080053943D /* BarugahDrip2_0.xcdatamodel */,
			);
			currentVersion = A70990E72A0B35080053943D /* BarugahDrip2_0.xcdatamodel */;
			path = BarugahDrip2_0.xcdatamodeld;
			sourceTree = "<group>";
			versionGroupType = wrapper.xcdatamodel;
		};
/* End XCVersionGroup section */
	};
	rootObject = A70990D22A0B35080053943D /* Project object */;
}
